// !$*UTF8*$!
{
	archiveVersion = 1;
	classes = {
	};
	objectVersion = 54;
	objects = {

/* Begin PBXBuildFile section */
		0F80AB6D3D8B608F938D7AE4 /* Pods_RunnerTests.framework in Frameworks */ = {isa = PBXBuildFile; fileRef = 26AB0866179F7027F220767F /* Pods_RunnerTests.framework */; };
		1498D2341E8E89220040F4C2 /* GeneratedPluginRegistrant.m in Sources */ = {isa = PBXBuildFile; fileRef = 1498D2331E8E89220040F4C2 /* GeneratedPluginRegistrant.m */; };
		331C808B294A63AB00263BE5 /* RunnerTests.swift in Sources */ = {isa = PBXBuildFile; fileRef = 331C807B294A618700263BE5 /* RunnerTests.swift */; };
		3B3967161E833CAA004F5970 /* AppFrameworkInfo.plist in Resources */ = {isa = PBXBuildFile; fileRef = 3B3967151E833CAA004F5970 /* AppFrameworkInfo.plist */; };
		74858FAF1ED2DC5600515810 /* AppDelegate.swift in Sources */ = {isa = PBXBuildFile; fileRef = 74858FAE1ED2DC5600515810 /* AppDelegate.swift */; };
		7DA00AEC131488DC817B2945 /* Pods_Runner_dev.framework in Frameworks */ = {isa = PBXBuildFile; fileRef = 3B617FE22FDCF06A921FDAB8 /* Pods_Runner_dev.framework */; };
		97C146FC1CF9000F007C117D /* Main.storyboard in Resources */ = {isa = PBXBuildFile; fileRef = 97C146FA1CF9000F007C117D /* Main.storyboard */; };
		97C146FE1CF9000F007C117D /* Assets.xcassets in Resources */ = {isa = PBXBuildFile; fileRef = 97C146FD1CF9000F007C117D /* Assets.xcassets */; };
		97C147011CF9000F007C117D /* LaunchScreen.storyboard in Resources */ = {isa = PBXBuildFile; fileRef = 97C146FF1CF9000F007C117D /* LaunchScreen.storyboard */; };
		B3E88B8CA4A0D72A232476D6 /* Pods_Runner_stg.framework in Frameworks */ = {isa = PBXBuildFile; fileRef = 176CA695B3487A40FBADE2A4 /* Pods_Runner_stg.framework */; };
		CE86257A2D5DAF7B00B3E49F /* AppDelegate.swift in Sources */ = {isa = PBXBuildFile; fileRef = 74858FAE1ED2DC5600515810 /* AppDelegate.swift */; };
		CE86257B2D5DAF7B00B3E49F /* GeneratedPluginRegistrant.m in Sources */ = {isa = PBXBuildFile; fileRef = 1498D2331E8E89220040F4C2 /* GeneratedPluginRegistrant.m */; };
		CE86257F2D5DAF7B00B3E49F /* LaunchScreen.storyboard in Resources */ = {isa = PBXBuildFile; fileRef = 97C146FF1CF9000F007C117D /* LaunchScreen.storyboard */; };
		CE8625802D5DAF7B00B3E49F /* AppFrameworkInfo.plist in Resources */ = {isa = PBXBuildFile; fileRef = 3B3967151E833CAA004F5970 /* AppFrameworkInfo.plist */; };
		CE8625812D5DAF7B00B3E49F /* Assets.xcassets in Resources */ = {isa = PBXBuildFile; fileRef = 97C146FD1CF9000F007C117D /* Assets.xcassets */; };
		CE8625822D5DAF7B00B3E49F /* Main.storyboard in Resources */ = {isa = PBXBuildFile; fileRef = 97C146FA1CF9000F007C117D /* Main.storyboard */; };
		CE8625832D5DAF7B00B3E49F /* Keys.plist in Resources */ = {isa = PBXBuildFile; fileRef = CEE8DA7D2D3919EE0029A56C /* Keys.plist */; };
		CEE8DA7E2D3919EE0029A56C /* Keys.plist in Resources */ = {isa = PBXBuildFile; fileRef = CEE8DA7D2D3919EE0029A56C /* Keys.plist */; };
/* End PBXBuildFile section */

/* Begin PBXContainerItemProxy section */
		331C8085294A63A400263BE5 /* PBXContainerItemProxy */ = {
			isa = PBXContainerItemProxy;
			containerPortal = 97C146E61CF9000F007C117D /* Project object */;
			proxyType = 1;
			remoteGlobalIDString = 97C146ED1CF9000F007C117D;
			remoteInfo = Runner;
		};
/* End PBXContainerItemProxy section */

/* Begin PBXCopyFilesBuildPhase section */
		9705A1C41CF9048500538489 /* Embed Frameworks */ = {
			isa = PBXCopyFilesBuildPhase;
			buildActionMask = 2147483647;
			dstPath = "";
			dstSubfolderSpec = 10;
			files = (
			);
			name = "Embed Frameworks";
			runOnlyForDeploymentPostprocessing = 0;
		};
		CE8625842D5DAF7B00B3E49F /* Embed Frameworks */ = {
			isa = PBXCopyFilesBuildPhase;
			buildActionMask = 2147483647;
			dstPath = "";
			dstSubfolderSpec = 10;
			files = (
			);
			name = "Embed Frameworks";
			runOnlyForDeploymentPostprocessing = 0;
		};
/* End PBXCopyFilesBuildPhase section */

/* Begin PBXFileReference section */
		1498D2321E8E86230040F4C2 /* GeneratedPluginRegistrant.h */ = {isa = PBXFileReference; lastKnownFileType = sourcecode.c.h; path = GeneratedPluginRegistrant.h; sourceTree = "<group>"; };
		1498D2331E8E89220040F4C2 /* GeneratedPluginRegistrant.m */ = {isa = PBXFileReference; fileEncoding = 4; lastKnownFileType = sourcecode.c.objc; path = GeneratedPluginRegistrant.m; sourceTree = "<group>"; };
		176CA695B3487A40FBADE2A4 /* Pods_Runner_stg.framework */ = {isa = PBXFileReference; explicitFileType = wrapper.framework; includeInIndex = 0; path = Pods_Runner_stg.framework; sourceTree = BUILT_PRODUCTS_DIR; };
		18E7DABC5179DE5FF7890DC3 /* Pods-Runner-stg.debug.xcconfig */ = {isa = PBXFileReference; includeInIndex = 1; lastKnownFileType = text.xcconfig; name = "Pods-Runner-stg.debug.xcconfig"; path = "Target Support Files/Pods-Runner-stg/Pods-Runner-stg.debug.xcconfig"; sourceTree = "<group>"; };
		19BC0D54CB4B93A8B684B404 /* Pods-Runner-dev.profile.xcconfig */ = {isa = PBXFileReference; includeInIndex = 1; lastKnownFileType = text.xcconfig; name = "Pods-Runner-dev.profile.xcconfig"; path = "Target Support Files/Pods-Runner-dev/Pods-Runner-dev.profile.xcconfig"; sourceTree = "<group>"; };
		1E93A67FFE6CF6EA1D043AA7 /* Pods-Runner.profile.xcconfig */ = {isa = PBXFileReference; includeInIndex = 1; lastKnownFileType = text.xcconfig; name = "Pods-Runner.profile.xcconfig"; path = "Target Support Files/Pods-Runner/Pods-Runner.profile.xcconfig"; sourceTree = "<group>"; };
		26AB0866179F7027F220767F /* Pods_RunnerTests.framework */ = {isa = PBXFileReference; explicitFileType = wrapper.framework; includeInIndex = 0; path = Pods_RunnerTests.framework; sourceTree = BUILT_PRODUCTS_DIR; };
		331C807B294A618700263BE5 /* RunnerTests.swift */ = {isa = PBXFileReference; lastKnownFileType = sourcecode.swift; path = RunnerTests.swift; sourceTree = "<group>"; };
		331C8081294A63A400263BE5 /* RunnerTests.xctest */ = {isa = PBXFileReference; explicitFileType = wrapper.cfbundle; includeInIndex = 0; path = RunnerTests.xctest; sourceTree = BUILT_PRODUCTS_DIR; };
		39B5490FDA6360B6DECD3FC7 /* Pods-Runner.release.xcconfig */ = {isa = PBXFileReference; includeInIndex = 1; lastKnownFileType = text.xcconfig; name = "Pods-Runner.release.xcconfig"; path = "Target Support Files/Pods-Runner/Pods-Runner.release.xcconfig"; sourceTree = "<group>"; };
		3B3967151E833CAA004F5970 /* AppFrameworkInfo.plist */ = {isa = PBXFileReference; fileEncoding = 4; lastKnownFileType = text.plist.xml; name = AppFrameworkInfo.plist; path = Flutter/AppFrameworkInfo.plist; sourceTree = "<group>"; };
		3B617FE22FDCF06A921FDAB8 /* Pods_Runner_dev.framework */ = {isa = PBXFileReference; explicitFileType = wrapper.framework; includeInIndex = 0; path = Pods_Runner_dev.framework; sourceTree = BUILT_PRODUCTS_DIR; };
		3BA7E863DECAEB2D0234949E /* Pods-Runner.debug.xcconfig */ = {isa = PBXFileReference; includeInIndex = 1; lastKnownFileType = text.xcconfig; name = "Pods-Runner.debug.xcconfig"; path = "Target Support Files/Pods-Runner/Pods-Runner.debug.xcconfig"; sourceTree = "<group>"; };
		3C6D74FAD99F4A02C5B5720C /* Pods-Runner-stg.profile.xcconfig */ = {isa = PBXFileReference; includeInIndex = 1; lastKnownFileType = text.xcconfig; name = "Pods-Runner-stg.profile.xcconfig"; path = "Target Support Files/Pods-Runner-stg/Pods-Runner-stg.profile.xcconfig"; sourceTree = "<group>"; };
		4695068B2A5027A17287A843 /* Pods-Runner-stg.debug-stg.xcconfig */ = {isa = PBXFileReference; includeInIndex = 1; lastKnownFileType = text.xcconfig; name = "Pods-Runner-stg.debug-stg.xcconfig"; path = "Target Support Files/Pods-Runner-stg/Pods-Runner-stg.debug-stg.xcconfig"; sourceTree = "<group>"; };
		4BD1B2FCCC3A232F2F237183 /* Pods-Runner-dev.debug.xcconfig */ = {isa = PBXFileReference; includeInIndex = 1; lastKnownFileType = text.xcconfig; name = "Pods-Runner-dev.debug.xcconfig"; path = "Target Support Files/Pods-Runner-dev/Pods-Runner-dev.debug.xcconfig"; sourceTree = "<group>"; };
		6DEBC481C54D1867BA100256 /* Pods-RunnerTests.debug-dev.xcconfig */ = {isa = PBXFileReference; includeInIndex = 1; lastKnownFileType = text.xcconfig; name = "Pods-RunnerTests.debug-dev.xcconfig"; path = "Target Support Files/Pods-RunnerTests/Pods-RunnerTests.debug-dev.xcconfig"; sourceTree = "<group>"; };
		74858FAD1ED2DC5600515810 /* Runner-Bridging-Header.h */ = {isa = PBXFileReference; lastKnownFileType = sourcecode.c.h; path = "Runner-Bridging-Header.h"; sourceTree = "<group>"; };
		74858FAE1ED2DC5600515810 /* AppDelegate.swift */ = {isa = PBXFileReference; fileEncoding = 4; lastKnownFileType = sourcecode.swift; path = AppDelegate.swift; sourceTree = "<group>"; };
		75F765D417C26DA5C186F34C /* Pods-Runner-stg.debug-dev.xcconfig */ = {isa = PBXFileReference; includeInIndex = 1; lastKnownFileType = text.xcconfig; name = "Pods-Runner-stg.debug-dev.xcconfig"; path = "Target Support Files/Pods-Runner-stg/Pods-Runner-stg.debug-dev.xcconfig"; sourceTree = "<group>"; };
		76F845F69F37A771B76D8628 /* Pods-RunnerTests.debug-stg.xcconfig */ = {isa = PBXFileReference; includeInIndex = 1; lastKnownFileType = text.xcconfig; name = "Pods-RunnerTests.debug-stg.xcconfig"; path = "Target Support Files/Pods-RunnerTests/Pods-RunnerTests.debug-stg.xcconfig"; sourceTree = "<group>"; };
		7AFA3C8E1D35360C0083082E /* Release.xcconfig */ = {isa = PBXFileReference; lastKnownFileType = text.xcconfig; name = Release.xcconfig; path = Flutter/Release.xcconfig; sourceTree = "<group>"; };
		9740EEB21CF90195004384FC /* Debug.xcconfig */ = {isa = PBXFileReference; fileEncoding = 4; lastKnownFileType = text.xcconfig; name = Debug.xcconfig; path = Flutter/Debug.xcconfig; sourceTree = "<group>"; };
		9740EEB31CF90195004384FC /* Generated.xcconfig */ = {isa = PBXFileReference; fileEncoding = 4; lastKnownFileType = text.xcconfig; name = Generated.xcconfig; path = Flutter/Generated.xcconfig; sourceTree = "<group>"; };
		97C146EE1CF9000F007C117D /* Runner-dev.app */ = {isa = PBXFileReference; explicitFileType = wrapper.application; includeInIndex = 0; path = "Runner-dev.app"; sourceTree = BUILT_PRODUCTS_DIR; };
		97C146FB1CF9000F007C117D /* Base */ = {isa = PBXFileReference; lastKnownFileType = file.storyboard; name = Base; path = Base.lproj/Main.storyboard; sourceTree = "<group>"; };
		97C146FD1CF9000F007C117D /* Assets.xcassets */ = {isa = PBXFileReference; lastKnownFileType = folder.assetcatalog; path = Assets.xcassets; sourceTree = "<group>"; };
		97C147001CF9000F007C117D /* Base */ = {isa = PBXFileReference; lastKnownFileType = file.storyboard; name = Base; path = Base.lproj/LaunchScreen.storyboard; sourceTree = "<group>"; };
		97C147021CF9000F007C117D /* Info.plist */ = {isa = PBXFileReference; lastKnownFileType = text.plist.xml; path = Info.plist; sourceTree = "<group>"; };
		9A0981385AB4D8A78819B49E /* Pods-RunnerTests.release.xcconfig */ = {isa = PBXFileReference; includeInIndex = 1; lastKnownFileType = text.xcconfig; name = "Pods-RunnerTests.release.xcconfig"; path = "Target Support Files/Pods-RunnerTests/Pods-RunnerTests.release.xcconfig"; sourceTree = "<group>"; };
		9E8DD2383FA899453FE13D70 /* Pods-Runner-stg.release.xcconfig */ = {isa = PBXFileReference; includeInIndex = 1; lastKnownFileType = text.xcconfig; name = "Pods-Runner-stg.release.xcconfig"; path = "Target Support Files/Pods-Runner-stg/Pods-Runner-stg.release.xcconfig"; sourceTree = "<group>"; };
		9EFB036F44D38F00077EA518 /* Pods-Runner-dev.debug-stg.xcconfig */ = {isa = PBXFileReference; includeInIndex = 1; lastKnownFileType = text.xcconfig; name = "Pods-Runner-dev.debug-stg.xcconfig"; path = "Target Support Files/Pods-Runner-dev/Pods-Runner-dev.debug-stg.xcconfig"; sourceTree = "<group>"; };
		BC1EE1F4D219B936A035137C /* Pods-Runner-dev.debug-dev.xcconfig */ = {isa = PBXFileReference; includeInIndex = 1; lastKnownFileType = text.xcconfig; name = "Pods-Runner-dev.debug-dev.xcconfig"; path = "Target Support Files/Pods-Runner-dev/Pods-Runner-dev.debug-dev.xcconfig"; sourceTree = "<group>"; };
		CE86258C2D5DAF7B00B3E49F /* Runner-stg.app */ = {isa = PBXFileReference; explicitFileType = wrapper.application; includeInIndex = 0; path = "Runner-stg.app"; sourceTree = BUILT_PRODUCTS_DIR; };
		CE86258D2D5DAF7C00B3E49F /* Runner copy-Info.plist */ = {isa = PBXFileReference; lastKnownFileType = text.plist.xml; name = "Runner copy-Info.plist"; path = "/Users/user/Projects/flutter_projects/alborada-demo/ios/Runner copy-Info.plist"; sourceTree = "<absolute>"; };
		CE8625962D5DB74700B3E49F /* Debug-dev.xcconfig */ = {isa = PBXFileReference; lastKnownFileType = text.xcconfig; name = "Debug-dev.xcconfig"; path = "Flutter/Debug-dev.xcconfig"; sourceTree = "<group>"; };
		CE8625982D5DDCE400B3E49F /* Debug-stg.xcconfig */ = {isa = PBXFileReference; lastKnownFileType = text.xcconfig; name = "Debug-stg.xcconfig"; path = "Flutter/Debug-stg.xcconfig"; sourceTree = "<group>"; };
		CEE8DA7C2D3903350029A56C /* Config.xcconfig */ = {isa = PBXFileReference; lastKnownFileType = text.xcconfig; name = Config.xcconfig; path = Flutter/Config.xcconfig; sourceTree = "<group>"; };
		CEE8DA7D2D3919EE0029A56C /* Keys.plist */ = {isa = PBXFileReference; fileEncoding = 4; lastKnownFileType = text.plist.xml; path = Keys.plist; sourceTree = "<group>"; };
		D2765ACC92DD726FA63E08A7 /* Pods-Runner-dev.release.xcconfig */ = {isa = PBXFileReference; includeInIndex = 1; lastKnownFileType = text.xcconfig; name = "Pods-Runner-dev.release.xcconfig"; path = "Target Support Files/Pods-Runner-dev/Pods-Runner-dev.release.xcconfig"; sourceTree = "<group>"; };
		F1AD509F261B65E55E941032 /* Pods-RunnerTests.profile.xcconfig */ = {isa = PBXFileReference; includeInIndex = 1; lastKnownFileType = text.xcconfig; name = "Pods-RunnerTests.profile.xcconfig"; path = "Target Support Files/Pods-RunnerTests/Pods-RunnerTests.profile.xcconfig"; sourceTree = "<group>"; };
		FB6C467DC7315965BCD836CE /* Pods-RunnerTests.debug.xcconfig */ = {isa = PBXFileReference; includeInIndex = 1; lastKnownFileType = text.xcconfig; name = "Pods-RunnerTests.debug.xcconfig"; path = "Target Support Files/Pods-RunnerTests/Pods-RunnerTests.debug.xcconfig"; sourceTree = "<group>"; };
/* End PBXFileReference section */

/* Begin PBXFrameworksBuildPhase section */
		1086C3347ED25FF68D54CBB6 /* Frameworks */ = {
			isa = PBXFrameworksBuildPhase;
			buildActionMask = 2147483647;
			files = (
				0F80AB6D3D8B608F938D7AE4 /* Pods_RunnerTests.framework in Frameworks */,
			);
			runOnlyForDeploymentPostprocessing = 0;
		};
		97C146EB1CF9000F007C117D /* Frameworks */ = {
			isa = PBXFrameworksBuildPhase;
			buildActionMask = 2147483647;
			files = (
				7DA00AEC131488DC817B2945 /* Pods_Runner_dev.framework in Frameworks */,
			);
			runOnlyForDeploymentPostprocessing = 0;
		};
		CE86257C2D5DAF7B00B3E49F /* Frameworks */ = {
			isa = PBXFrameworksBuildPhase;
			buildActionMask = 2147483647;
			files = (
				B3E88B8CA4A0D72A232476D6 /* Pods_Runner_stg.framework in Frameworks */,
			);
			runOnlyForDeploymentPostprocessing = 0;
		};
/* End PBXFrameworksBuildPhase section */

/* Begin PBXGroup section */
		331C8082294A63A400263BE5 /* RunnerTests */ = {
			isa = PBXGroup;
			children = (
				331C807B294A618700263BE5 /* RunnerTests.swift */,
			);
			path = RunnerTests;
			sourceTree = "<group>";
		};
		3CA799ADD7C78BD402ABAC76 /* Pods */ = {
			isa = PBXGroup;
			children = (
				3BA7E863DECAEB2D0234949E /* Pods-Runner.debug.xcconfig */,
				39B5490FDA6360B6DECD3FC7 /* Pods-Runner.release.xcconfig */,
				1E93A67FFE6CF6EA1D043AA7 /* Pods-Runner.profile.xcconfig */,
				FB6C467DC7315965BCD836CE /* Pods-RunnerTests.debug.xcconfig */,
				9A0981385AB4D8A78819B49E /* Pods-RunnerTests.release.xcconfig */,
				F1AD509F261B65E55E941032 /* Pods-RunnerTests.profile.xcconfig */,
				4BD1B2FCCC3A232F2F237183 /* Pods-Runner-dev.debug.xcconfig */,
				9EFB036F44D38F00077EA518 /* Pods-Runner-dev.debug-stg.xcconfig */,
				BC1EE1F4D219B936A035137C /* Pods-Runner-dev.debug-dev.xcconfig */,
				D2765ACC92DD726FA63E08A7 /* Pods-Runner-dev.release.xcconfig */,
				19BC0D54CB4B93A8B684B404 /* Pods-Runner-dev.profile.xcconfig */,
				18E7DABC5179DE5FF7890DC3 /* Pods-Runner-stg.debug.xcconfig */,
				4695068B2A5027A17287A843 /* Pods-Runner-stg.debug-stg.xcconfig */,
				75F765D417C26DA5C186F34C /* Pods-Runner-stg.debug-dev.xcconfig */,
				9E8DD2383FA899453FE13D70 /* Pods-Runner-stg.release.xcconfig */,
				3C6D74FAD99F4A02C5B5720C /* Pods-Runner-stg.profile.xcconfig */,
				76F845F69F37A771B76D8628 /* Pods-RunnerTests.debug-stg.xcconfig */,
				6DEBC481C54D1867BA100256 /* Pods-RunnerTests.debug-dev.xcconfig */,
			);
			path = Pods;
			sourceTree = "<group>";
		};
		418FB29B77B4D34173E0E34D /* Frameworks */ = {
			isa = PBXGroup;
			children = (
				26AB0866179F7027F220767F /* Pods_RunnerTests.framework */,
				3B617FE22FDCF06A921FDAB8 /* Pods_Runner_dev.framework */,
				176CA695B3487A40FBADE2A4 /* Pods_Runner_stg.framework */,
			);
			name = Frameworks;
			sourceTree = "<group>";
		};
		9740EEB11CF90186004384FC /* Flutter */ = {
			isa = PBXGroup;
			children = (
				CE8625982D5DDCE400B3E49F /* Debug-stg.xcconfig */,
				CE8625962D5DB74700B3E49F /* Debug-dev.xcconfig */,
				CEE8DA7C2D3903350029A56C /* Config.xcconfig */,
				3B3967151E833CAA004F5970 /* AppFrameworkInfo.plist */,
				9740EEB21CF90195004384FC /* Debug.xcconfig */,
				7AFA3C8E1D35360C0083082E /* Release.xcconfig */,
				9740EEB31CF90195004384FC /* Generated.xcconfig */,
			);
			name = Flutter;
			sourceTree = "<group>";
		};
		97C146E51CF9000F007C117D = {
			isa = PBXGroup;
			children = (
				9740EEB11CF90186004384FC /* Flutter */,
				97C146F01CF9000F007C117D /* Runner */,
				97C146EF1CF9000F007C117D /* Products */,
				331C8082294A63A400263BE5 /* RunnerTests */,
				3CA799ADD7C78BD402ABAC76 /* Pods */,
				418FB29B77B4D34173E0E34D /* Frameworks */,
				CE86258D2D5DAF7C00B3E49F /* Runner copy-Info.plist */,
			);
			sourceTree = "<group>";
		};
		97C146EF1CF9000F007C117D /* Products */ = {
			isa = PBXGroup;
			children = (
				97C146EE1CF9000F007C117D /* Runner-dev.app */,
				331C8081294A63A400263BE5 /* RunnerTests.xctest */,
				CE86258C2D5DAF7B00B3E49F /* Runner-stg.app */,
			);
			name = Products;
			sourceTree = "<group>";
		};
		97C146F01CF9000F007C117D /* Runner */ = {
			isa = PBXGroup;
			children = (
				CEE8DA7D2D3919EE0029A56C /* Keys.plist */,
				97C146FA1CF9000F007C117D /* Main.storyboard */,
				97C146FD1CF9000F007C117D /* Assets.xcassets */,
				97C146FF1CF9000F007C117D /* LaunchScreen.storyboard */,
				97C147021CF9000F007C117D /* Info.plist */,
				1498D2321E8E86230040F4C2 /* GeneratedPluginRegistrant.h */,
				1498D2331E8E89220040F4C2 /* GeneratedPluginRegistrant.m */,
				74858FAE1ED2DC5600515810 /* AppDelegate.swift */,
				74858FAD1ED2DC5600515810 /* Runner-Bridging-Header.h */,
			);
			path = Runner;
			sourceTree = "<group>";
		};
/* End PBXGroup section */

/* Begin PBXNativeTarget section */
		331C8080294A63A400263BE5 /* RunnerTests */ = {
			isa = PBXNativeTarget;
			buildConfigurationList = 331C8087294A63A400263BE5 /* Build configuration list for PBXNativeTarget "RunnerTests" */;
			buildPhases = (
				A31ACFD985C4827F882E4D32 /* [CP] Check Pods Manifest.lock */,
				331C807D294A63A400263BE5 /* Sources */,
				331C807F294A63A400263BE5 /* Resources */,
				1086C3347ED25FF68D54CBB6 /* Frameworks */,
			);
			buildRules = (
			);
			dependencies = (
				331C8086294A63A400263BE5 /* PBXTargetDependency */,
			);
			name = RunnerTests;
			productName = RunnerTests;
			productReference = 331C8081294A63A400263BE5 /* RunnerTests.xctest */;
			productType = "com.apple.product-type.bundle.unit-test";
		};
		97C146ED1CF9000F007C117D /* Runner-dev */ = {
			isa = PBXNativeTarget;
			buildConfigurationList = 97C147051CF9000F007C117D /* Build configuration list for PBXNativeTarget "Runner-dev" */;
			buildPhases = (
				D1A01DF2C24BCEBA8754CF6B /* [CP] Check Pods Manifest.lock */,
				97C146EA1CF9000F007C117D /* Sources */,
				97C146EB1CF9000F007C117D /* Frameworks */,
				97C146EC1CF9000F007C117D /* Resources */,
				9705A1C41CF9048500538489 /* Embed Frameworks */,
				3B06AD1E1E4923F5004D2608 /* Thin Binary */,
				516D00220D6CE570E0FE9BB8 /* [CP] Copy Pods Resources */,
				C2F01212C24D70FED2B77F2C /* [CP] Embed Pods Frameworks */,
			);
			buildRules = (
			);
			dependencies = (
			);
			name = "Runner-dev";
			productName = Runner;
			productReference = 97C146EE1CF9000F007C117D /* Runner-dev.app */;
			productType = "com.apple.product-type.application";
		};
		CE8625762D5DAF7B00B3E49F /* Runner-stg */ = {
			isa = PBXNativeTarget;
			buildConfigurationList = CE8625882D5DAF7B00B3E49F /* Build configuration list for PBXNativeTarget "Runner-stg" */;
			buildPhases = (
				CE8625772D5DAF7B00B3E49F /* [CP] Check Pods Manifest.lock */,
				CE8625782D5DAF7B00B3E49F /* Run Script */,
				CE8625792D5DAF7B00B3E49F /* Sources */,
				CE86257C2D5DAF7B00B3E49F /* Frameworks */,
				CE86257E2D5DAF7B00B3E49F /* Resources */,
				CE8625842D5DAF7B00B3E49F /* Embed Frameworks */,
				CE8625852D5DAF7B00B3E49F /* Thin Binary */,
				CE8625862D5DAF7B00B3E49F /* [CP] Embed Pods Frameworks */,
				CE8625872D5DAF7B00B3E49F /* [CP] Copy Pods Resources */,
			);
			buildRules = (
			);
			dependencies = (
			);
			name = "Runner-stg";
			productName = Runner;
			productReference = CE86258C2D5DAF7B00B3E49F /* Runner-stg.app */;
			productType = "com.apple.product-type.application";
		};
/* End PBXNativeTarget section */

/* Begin PBXProject section */
		97C146E61CF9000F007C117D /* Project object */ = {
			isa = PBXProject;
			attributes = {
				BuildIndependentTargetsInParallel = YES;
				LastUpgradeCheck = 1510;
				ORGANIZATIONNAME = "";
				TargetAttributes = {
					331C8080294A63A400263BE5 = {
						CreatedOnToolsVersion = 14.0;
						TestTargetID = 97C146ED1CF9000F007C117D;
					};
					97C146ED1CF9000F007C117D = {
						CreatedOnToolsVersion = 7.3.1;
						LastSwiftMigration = 1100;
					};
				};
			};
			buildConfigurationList = 97C146E91CF9000F007C117D /* Build configuration list for PBXProject "Runner" */;
			compatibilityVersion = "Xcode 9.3";
			developmentRegion = en;
			hasScannedForEncodings = 0;
			knownRegions = (
				en,
				Base,
			);
			mainGroup = 97C146E51CF9000F007C117D;
			productRefGroup = 97C146EF1CF9000F007C117D /* Products */;
			projectDirPath = "";
			projectRoot = "";
			targets = (
				97C146ED1CF9000F007C117D /* Runner-dev */,
				331C8080294A63A400263BE5 /* RunnerTests */,
				CE8625762D5DAF7B00B3E49F /* Runner-stg */,
			);
		};
/* End PBXProject section */

/* Begin PBXResourcesBuildPhase section */
		331C807F294A63A400263BE5 /* Resources */ = {
			isa = PBXResourcesBuildPhase;
			buildActionMask = 2147483647;
			files = (
			);
			runOnlyForDeploymentPostprocessing = 0;
		};
		97C146EC1CF9000F007C117D /* Resources */ = {
			isa = PBXResourcesBuildPhase;
			buildActionMask = 2147483647;
			files = (
				97C147011CF9000F007C117D /* LaunchScreen.storyboard in Resources */,
				3B3967161E833CAA004F5970 /* AppFrameworkInfo.plist in Resources */,
				97C146FE1CF9000F007C117D /* Assets.xcassets in Resources */,
				97C146FC1CF9000F007C117D /* Main.storyboard in Resources */,
				CEE8DA7E2D3919EE0029A56C /* Keys.plist in Resources */,
			);
			runOnlyForDeploymentPostprocessing = 0;
		};
		CE86257E2D5DAF7B00B3E49F /* Resources */ = {
			isa = PBXResourcesBuildPhase;
			buildActionMask = 2147483647;
			files = (
				CE86257F2D5DAF7B00B3E49F /* LaunchScreen.storyboard in Resources */,
				CE8625802D5DAF7B00B3E49F /* AppFrameworkInfo.plist in Resources */,
				CE8625812D5DAF7B00B3E49F /* Assets.xcassets in Resources */,
				CE8625822D5DAF7B00B3E49F /* Main.storyboard in Resources */,
				CE8625832D5DAF7B00B3E49F /* Keys.plist in Resources */,
			);
			runOnlyForDeploymentPostprocessing = 0;
		};
/* End PBXResourcesBuildPhase section */

/* Begin PBXShellScriptBuildPhase section */
		3B06AD1E1E4923F5004D2608 /* Thin Binary */ = {
			isa = PBXShellScriptBuildPhase;
			alwaysOutOfDate = 1;
			buildActionMask = 2147483647;
			files = (
			);
			inputPaths = (
				"${TARGET_BUILD_DIR}/${INFOPLIST_PATH}",
			);
			name = "Thin Binary";
			outputPaths = (
			);
			runOnlyForDeploymentPostprocessing = 0;
			shellPath = /bin/sh;
			shellScript = "/bin/sh \"$FLUTTER_ROOT/packages/flutter_tools/bin/xcode_backend.sh\" embed_and_thin";
		};
		516D00220D6CE570E0FE9BB8 /* [CP] Copy Pods Resources */ = {
			isa = PBXShellScriptBuildPhase;
			buildActionMask = 2147483647;
			files = (
			);
			inputFileListPaths = (
				"${PODS_ROOT}/Target Support Files/Pods-Runner-dev/Pods-Runner-dev-resources-${CONFIGURATION}-input-files.xcfilelist",
			);
			name = "[CP] Copy Pods Resources";
			outputFileListPaths = (
				"${PODS_ROOT}/Target Support Files/Pods-Runner-dev/Pods-Runner-dev-resources-${CONFIGURATION}-output-files.xcfilelist",
			);
			runOnlyForDeploymentPostprocessing = 0;
			shellPath = /bin/sh;
			shellScript = "\"${PODS_ROOT}/Target Support Files/Pods-Runner-dev/Pods-Runner-dev-resources.sh\"\n";
			showEnvVarsInLog = 0;
		};
		A31ACFD985C4827F882E4D32 /* [CP] Check Pods Manifest.lock */ = {
			isa = PBXShellScriptBuildPhase;
			buildActionMask = 2147483647;
			files = (
			);
			inputFileListPaths = (
			);
			inputPaths = (
				"${PODS_PODFILE_DIR_PATH}/Podfile.lock",
				"${PODS_ROOT}/Manifest.lock",
			);
			name = "[CP] Check Pods Manifest.lock";
			outputFileListPaths = (
			);
			outputPaths = (
				"$(DERIVED_FILE_DIR)/Pods-RunnerTests-checkManifestLockResult.txt",
			);
			runOnlyForDeploymentPostprocessing = 0;
			shellPath = /bin/sh;
			shellScript = "diff \"${PODS_PODFILE_DIR_PATH}/Podfile.lock\" \"${PODS_ROOT}/Manifest.lock\" > /dev/null\nif [ $? != 0 ] ; then\n    # print error to STDERR\n    echo \"error: The sandbox is not in sync with the Podfile.lock. Run 'pod install' or update your CocoaPods installation.\" >&2\n    exit 1\nfi\n# This output is used by Xcode 'outputs' to avoid re-running this script phase.\necho \"SUCCESS\" > \"${SCRIPT_OUTPUT_FILE_0}\"\n";
			showEnvVarsInLog = 0;
		};
		C2F01212C24D70FED2B77F2C /* [CP] Embed Pods Frameworks */ = {
			isa = PBXShellScriptBuildPhase;
			buildActionMask = 2147483647;
			files = (
			);
			inputFileListPaths = (
				"${PODS_ROOT}/Target Support Files/Pods-Runner-dev/Pods-Runner-dev-frameworks-${CONFIGURATION}-input-files.xcfilelist",
			);
			name = "[CP] Embed Pods Frameworks";
			outputFileListPaths = (
				"${PODS_ROOT}/Target Support Files/Pods-Runner-dev/Pods-Runner-dev-frameworks-${CONFIGURATION}-output-files.xcfilelist",
			);
			runOnlyForDeploymentPostprocessing = 0;
			shellPath = /bin/sh;
			shellScript = "\"${PODS_ROOT}/Target Support Files/Pods-Runner-dev/Pods-Runner-dev-frameworks.sh\"\n";
			showEnvVarsInLog = 0;
		};
		CE8625772D5DAF7B00B3E49F /* [CP] Check Pods Manifest.lock */ = {
			isa = PBXShellScriptBuildPhase;
			buildActionMask = 2147483647;
			files = (
			);
			inputFileListPaths = (
			);
			inputPaths = (
				"${PODS_PODFILE_DIR_PATH}/Podfile.lock",
				"${PODS_ROOT}/Manifest.lock",
			);
			name = "[CP] Check Pods Manifest.lock";
			outputFileListPaths = (
			);
			outputPaths = (
				"$(DERIVED_FILE_DIR)/Pods-Runner-stg-checkManifestLockResult.txt",
			);
			runOnlyForDeploymentPostprocessing = 0;
			shellPath = /bin/sh;
			shellScript = "diff \"${PODS_PODFILE_DIR_PATH}/Podfile.lock\" \"${PODS_ROOT}/Manifest.lock\" > /dev/null\nif [ $? != 0 ] ; then\n    # print error to STDERR\n    echo \"error: The sandbox is not in sync with the Podfile.lock. Run 'pod install' or update your CocoaPods installation.\" >&2\n    exit 1\nfi\n# This output is used by Xcode 'outputs' to avoid re-running this script phase.\necho \"SUCCESS\" > \"${SCRIPT_OUTPUT_FILE_0}\"\n";
			showEnvVarsInLog = 0;
		};
		CE8625782D5DAF7B00B3E49F /* Run Script */ = {
			isa = PBXShellScriptBuildPhase;
			alwaysOutOfDate = 1;
			buildActionMask = 2147483647;
			files = (
			);
			inputPaths = (
			);
			name = "Run Script";
			outputPaths = (
			);
			runOnlyForDeploymentPostprocessing = 0;
			shellPath = /bin/sh;
			shellScript = "/bin/sh \"$FLUTTER_ROOT/packages/flutter_tools/bin/xcode_backend.sh\" build\n";
		};
		CE8625852D5DAF7B00B3E49F /* Thin Binary */ = {
			isa = PBXShellScriptBuildPhase;
			alwaysOutOfDate = 1;
			buildActionMask = 2147483647;
			files = (
			);
			inputPaths = (
				"${TARGET_BUILD_DIR}/${INFOPLIST_PATH}",
			);
			name = "Thin Binary";
			outputPaths = (
			);
			runOnlyForDeploymentPostprocessing = 0;
			shellPath = /bin/sh;
			shellScript = "/bin/sh \"$FLUTTER_ROOT/packages/flutter_tools/bin/xcode_backend.sh\" embed_and_thin";
		};
		CE8625862D5DAF7B00B3E49F /* [CP] Embed Pods Frameworks */ = {
			isa = PBXShellScriptBuildPhase;
			buildActionMask = 2147483647;
			files = (
			);
			inputFileListPaths = (
				"${PODS_ROOT}/Target Support Files/Pods-Runner-stg/Pods-Runner-stg-frameworks-${CONFIGURATION}-input-files.xcfilelist",
			);
			name = "[CP] Embed Pods Frameworks";
			outputFileListPaths = (
				"${PODS_ROOT}/Target Support Files/Pods-Runner-stg/Pods-Runner-stg-frameworks-${CONFIGURATION}-output-files.xcfilelist",
			);
			runOnlyForDeploymentPostprocessing = 0;
			shellPath = /bin/sh;
			shellScript = "\"${PODS_ROOT}/Target Support Files/Pods-Runner-stg/Pods-Runner-stg-frameworks.sh\"\n";
			showEnvVarsInLog = 0;
		};
		CE8625872D5DAF7B00B3E49F /* [CP] Copy Pods Resources */ = {
			isa = PBXShellScriptBuildPhase;
			buildActionMask = 2147483647;
			files = (
			);
			inputFileListPaths = (
				"${PODS_ROOT}/Target Support Files/Pods-Runner-stg/Pods-Runner-stg-resources-${CONFIGURATION}-input-files.xcfilelist",
			);
			name = "[CP] Copy Pods Resources";
			outputFileListPaths = (
				"${PODS_ROOT}/Target Support Files/Pods-Runner-stg/Pods-Runner-stg-resources-${CONFIGURATION}-output-files.xcfilelist",
			);
			runOnlyForDeploymentPostprocessing = 0;
			shellPath = /bin/sh;
			shellScript = "\"${PODS_ROOT}/Target Support Files/Pods-Runner-stg/Pods-Runner-stg-resources.sh\"\n";
			showEnvVarsInLog = 0;
		};
		D1A01DF2C24BCEBA8754CF6B /* [CP] Check Pods Manifest.lock */ = {
			isa = PBXShellScriptBuildPhase;
			buildActionMask = 2147483647;
			files = (
			);
			inputFileListPaths = (
			);
			inputPaths = (
				"${PODS_PODFILE_DIR_PATH}/Podfile.lock",
				"${PODS_ROOT}/Manifest.lock",
			);
			name = "[CP] Check Pods Manifest.lock";
			outputFileListPaths = (
			);
			outputPaths = (
				"$(DERIVED_FILE_DIR)/Pods-Runner-dev-checkManifestLockResult.txt",
			);
			runOnlyForDeploymentPostprocessing = 0;
			shellPath = /bin/sh;
			shellScript = "diff \"${PODS_PODFILE_DIR_PATH}/Podfile.lock\" \"${PODS_ROOT}/Manifest.lock\" > /dev/null\nif [ $? != 0 ] ; then\n    # print error to STDERR\n    echo \"error: The sandbox is not in sync with the Podfile.lock. Run 'pod install' or update your CocoaPods installation.\" >&2\n    exit 1\nfi\n# This output is used by Xcode 'outputs' to avoid re-running this script phase.\necho \"SUCCESS\" > \"${SCRIPT_OUTPUT_FILE_0}\"\n";
			showEnvVarsInLog = 0;
		};
/* End PBXShellScriptBuildPhase section */

/* Begin PBXSourcesBuildPhase section */
		331C807D294A63A400263BE5 /* Sources */ = {
			isa = PBXSourcesBuildPhase;
			buildActionMask = 2147483647;
			files = (
				331C808B294A63AB00263BE5 /* RunnerTests.swift in Sources */,
			);
			runOnlyForDeploymentPostprocessing = 0;
		};
		97C146EA1CF9000F007C117D /* Sources */ = {
			isa = PBXSourcesBuildPhase;
			buildActionMask = 2147483647;
			files = (
				74858FAF1ED2DC5600515810 /* AppDelegate.swift in Sources */,
				1498D2341E8E89220040F4C2 /* GeneratedPluginRegistrant.m in Sources */,
			);
			runOnlyForDeploymentPostprocessing = 0;
		};
		CE8625792D5DAF7B00B3E49F /* Sources */ = {
			isa = PBXSourcesBuildPhase;
			buildActionMask = 2147483647;
			files = (
				CE86257A2D5DAF7B00B3E49F /* AppDelegate.swift in Sources */,
				CE86257B2D5DAF7B00B3E49F /* GeneratedPluginRegistrant.m in Sources */,
			);
			runOnlyForDeploymentPostprocessing = 0;
		};
/* End PBXSourcesBuildPhase section */

/* Begin PBXTargetDependency section */
		331C8086294A63A400263BE5 /* PBXTargetDependency */ = {
			isa = PBXTargetDependency;
			target = 97C146ED1CF9000F007C117D /* Runner-dev */;
			targetProxy = 331C8085294A63A400263BE5 /* PBXContainerItemProxy */;
		};
/* End PBXTargetDependency section */

/* Begin PBXVariantGroup section */
		97C146FA1CF9000F007C117D /* Main.storyboard */ = {
			isa = PBXVariantGroup;
			children = (
				97C146FB1CF9000F007C117D /* Base */,
			);
			name = Main.storyboard;
			sourceTree = "<group>";
		};
		97C146FF1CF9000F007C117D /* LaunchScreen.storyboard */ = {
			isa = PBXVariantGroup;
			children = (
				97C147001CF9000F007C117D /* Base */,
			);
			name = LaunchScreen.storyboard;
			sourceTree = "<group>";
		};
/* End PBXVariantGroup section */

/* Begin XCBuildConfiguration section */
		249021D3217E4FDB00AE95B9 /* Profile */ = {
			isa = XCBuildConfiguration;
			baseConfigurationReference = CEE8DA7C2D3903350029A56C /* Config.xcconfig */;
			buildSettings = {
				ALWAYS_SEARCH_USER_PATHS = NO;
				CLANG_ANALYZER_NONNULL = YES;
				CLANG_CXX_LANGUAGE_STANDARD = "gnu++0x";
				CLANG_CXX_LIBRARY = "libc++";
				CLANG_ENABLE_MODULES = YES;
				CLANG_ENABLE_OBJC_ARC = YES;
				CLANG_WARN_BLOCK_CAPTURE_AUTORELEASING = YES;
				CLANG_WARN_BOOL_CONVERSION = YES;
				CLANG_WARN_COMMA = YES;
				CLANG_WARN_CONSTANT_CONVERSION = YES;
				CLANG_WARN_DEPRECATED_OBJC_IMPLEMENTATIONS = YES;
				CLANG_WARN_DIRECT_OBJC_ISA_USAGE = YES_ERROR;
				CLANG_WARN_EMPTY_BODY = YES;
				CLANG_WARN_ENUM_CONVERSION = YES;
				CLANG_WARN_INFINITE_RECURSION = YES;
				CLANG_WARN_INT_CONVERSION = YES;
				CLANG_WARN_NON_LITERAL_NULL_CONVERSION = YES;
				CLANG_WARN_OBJC_IMPLICIT_RETAIN_SELF = YES;
				CLANG_WARN_OBJC_LITERAL_CONVERSION = YES;
				CLANG_WARN_OBJC_ROOT_CLASS = YES_ERROR;
				CLANG_WARN_RANGE_LOOP_ANALYSIS = YES;
				CLANG_WARN_STRICT_PROTOTYPES = YES;
				CLANG_WARN_SUSPICIOUS_MOVE = YES;
				CLANG_WARN_UNREACHABLE_CODE = YES;
				CLANG_WARN__DUPLICATE_METHOD_MATCH = YES;
				"CODE_SIGN_IDENTITY[sdk=iphoneos*]" = "iPhone Developer";
				COPY_PHASE_STRIP = NO;
				DEBUG_INFORMATION_FORMAT = "dwarf-with-dsym";
				ENABLE_NS_ASSERTIONS = NO;
				ENABLE_STRICT_OBJC_MSGSEND = YES;
				GCC_C_LANGUAGE_STANDARD = gnu99;
				GCC_NO_COMMON_BLOCKS = YES;
				GCC_WARN_64_TO_32_BIT_CONVERSION = YES;
				GCC_WARN_ABOUT_RETURN_TYPE = YES_ERROR;
				GCC_WARN_UNDECLARED_SELECTOR = YES;
				GCC_WARN_UNINITIALIZED_AUTOS = YES_AGGRESSIVE;
				GCC_WARN_UNUSED_FUNCTION = YES;
				GCC_WARN_UNUSED_VARIABLE = YES;
				IPHONEOS_DEPLOYMENT_TARGET = 12.0;
				MTL_ENABLE_DEBUG_INFO = NO;
				SDKROOT = iphoneos;
				SUPPORTED_PLATFORMS = iphoneos;
				TARGETED_DEVICE_FAMILY = "1,2";
				VALIDATE_PRODUCT = YES;
			};
			name = Profile;
		};
		249021D4217E4FDB00AE95B9 /* Profile */ = {
			isa = XCBuildConfiguration;
			baseConfigurationReference = 7AFA3C8E1D35360C0083082E /* Release.xcconfig */;
			buildSettings = {
				ASSETCATALOG_COMPILER_APPICON_NAME = AppIcon;
				CLANG_ENABLE_MODULES = YES;
				CURRENT_PROJECT_VERSION = "$(FLUTTER_BUILD_NUMBER)";
				DEVELOPMENT_TEAM = GH3Q9CA5D7;
				ENABLE_BITCODE = NO;
				INFOPLIST_FILE = Runner/Info.plist;
				LD_RUNPATH_SEARCH_PATHS = (
					"$(inherited)",
					"@executable_path/Frameworks",
				);
				NEW_SETTING = "";
				NEW_SETTING1 = "";
				PRODUCT_BUNDLE_IDENTIFIER = "com.alborada-demo.dev";
				PRODUCT_NAME = "$(TARGET_NAME)";
				SWIFT_OBJC_BRIDGING_HEADER = "Runner/Runner-Bridging-Header.h";
				SWIFT_VERSION = 5.0;
				VERSIONING_SYSTEM = "apple-generic";
			};
			name = Profile;
		};
		331C8088294A63A400263BE5 /* Debug */ = {
			isa = XCBuildConfiguration;
			baseConfigurationReference = FB6C467DC7315965BCD836CE /* Pods-RunnerTests.debug.xcconfig */;
			buildSettings = {
				BUNDLE_LOADER = "$(TEST_HOST)";
				CODE_SIGN_STYLE = Automatic;
				CURRENT_PROJECT_VERSION = 1;
				GENERATE_INFOPLIST_FILE = YES;
				MARKETING_VERSION = 1.0;
				PRODUCT_BUNDLE_IDENTIFIER = com.example.alboradaDemo.RunnerTests;
				PRODUCT_NAME = "$(TARGET_NAME)";
				SWIFT_ACTIVE_COMPILATION_CONDITIONS = DEBUG;
				SWIFT_OPTIMIZATION_LEVEL = "-Onone";
				SWIFT_VERSION = 5.0;
				TEST_HOST = "$(BUILT_PRODUCTS_DIR)/Runner.app/$(BUNDLE_EXECUTABLE_FOLDER_PATH)/Runner";
			};
			name = Debug;
		};
		331C8089294A63A400263BE5 /* Release */ = {
			isa = XCBuildConfiguration;
			baseConfigurationReference = 9A0981385AB4D8A78819B49E /* Pods-RunnerTests.release.xcconfig */;
			buildSettings = {
				BUNDLE_LOADER = "$(TEST_HOST)";
				CODE_SIGN_STYLE = Automatic;
				CURRENT_PROJECT_VERSION = 1;
				GENERATE_INFOPLIST_FILE = YES;
				MARKETING_VERSION = 1.0;
				PRODUCT_BUNDLE_IDENTIFIER = com.example.alboradaDemo.RunnerTests;
				PRODUCT_NAME = "$(TARGET_NAME)";
				SWIFT_VERSION = 5.0;
				TEST_HOST = "$(BUILT_PRODUCTS_DIR)/Runner.app/$(BUNDLE_EXECUTABLE_FOLDER_PATH)/Runner";
			};
			name = Release;
		};
		331C808A294A63A400263BE5 /* Profile */ = {
			isa = XCBuildConfiguration;
			baseConfigurationReference = F1AD509F261B65E55E941032 /* Pods-RunnerTests.profile.xcconfig */;
			buildSettings = {
				BUNDLE_LOADER = "$(TEST_HOST)";
				CODE_SIGN_STYLE = Automatic;
				CURRENT_PROJECT_VERSION = 1;
				GENERATE_INFOPLIST_FILE = YES;
				MARKETING_VERSION = 1.0;
				PRODUCT_BUNDLE_IDENTIFIER = com.example.alboradaDemo.RunnerTests;
				PRODUCT_NAME = "$(TARGET_NAME)";
				SWIFT_VERSION = 5.0;
				TEST_HOST = "$(BUILT_PRODUCTS_DIR)/Runner.app/$(BUNDLE_EXECUTABLE_FOLDER_PATH)/Runner";
			};
			name = Profile;
		};
		97C147031CF9000F007C117D /* Debug */ = {
			isa = XCBuildConfiguration;
			baseConfigurationReference = CEE8DA7C2D3903350029A56C /* Config.xcconfig */;
			buildSettings = {
				ALWAYS_SEARCH_USER_PATHS = NO;
				CLANG_ANALYZER_NONNULL = YES;
				CLANG_CXX_LANGUAGE_STANDARD = "gnu++0x";
				CLANG_CXX_LIBRARY = "libc++";
				CLANG_ENABLE_MODULES = YES;
				CLANG_ENABLE_OBJC_ARC = YES;
				CLANG_WARN_BLOCK_CAPTURE_AUTORELEASING = YES;
				CLANG_WARN_BOOL_CONVERSION = YES;
				CLANG_WARN_COMMA = YES;
				CLANG_WARN_CONSTANT_CONVERSION = YES;
				CLANG_WARN_DEPRECATED_OBJC_IMPLEMENTATIONS = YES;
				CLANG_WARN_DIRECT_OBJC_ISA_USAGE = YES_ERROR;
				CLANG_WARN_EMPTY_BODY = YES;
				CLANG_WARN_ENUM_CONVERSION = YES;
				CLANG_WARN_INFINITE_RECURSION = YES;
				CLANG_WARN_INT_CONVERSION = YES;
				CLANG_WARN_NON_LITERAL_NULL_CONVERSION = YES;
				CLANG_WARN_OBJC_IMPLICIT_RETAIN_SELF = YES;
				CLANG_WARN_OBJC_LITERAL_CONVERSION = YES;
				CLANG_WARN_OBJC_ROOT_CLASS = YES_ERROR;
				CLANG_WARN_RANGE_LOOP_ANALYSIS = YES;
				CLANG_WARN_STRICT_PROTOTYPES = YES;
				CLANG_WARN_SUSPICIOUS_MOVE = YES;
				CLANG_WARN_UNREACHABLE_CODE = YES;
				CLANG_WARN__DUPLICATE_METHOD_MATCH = YES;
				"CODE_SIGN_IDENTITY[sdk=iphoneos*]" = "iPhone Developer";
				COPY_PHASE_STRIP = NO;
				DEBUG_INFORMATION_FORMAT = dwarf;
				ENABLE_STRICT_OBJC_MSGSEND = YES;
				ENABLE_TESTABILITY = YES;
				GCC_C_LANGUAGE_STANDARD = gnu99;
				GCC_DYNAMIC_NO_PIC = NO;
				GCC_NO_COMMON_BLOCKS = YES;
				GCC_OPTIMIZATION_LEVEL = 0;
				GCC_PREPROCESSOR_DEFINITIONS = (
					"DEBUG=1",
					"$(inherited)",
				);
				GCC_WARN_64_TO_32_BIT_CONVERSION = YES;
				GCC_WARN_ABOUT_RETURN_TYPE = YES_ERROR;
				GCC_WARN_UNDECLARED_SELECTOR = YES;
				GCC_WARN_UNINITIALIZED_AUTOS = YES_AGGRESSIVE;
				GCC_WARN_UNUSED_FUNCTION = YES;
				GCC_WARN_UNUSED_VARIABLE = YES;
				IPHONEOS_DEPLOYMENT_TARGET = 12.0;
				MTL_ENABLE_DEBUG_INFO = YES;
				ONLY_ACTIVE_ARCH = YES;
				SDKROOT = iphoneos;
				TARGETED_DEVICE_FAMILY = "1,2";
			};
			name = Debug;
		};
		97C147041CF9000F007C117D /* Release */ = {
			isa = XCBuildConfiguration;
			baseConfigurationReference = CEE8DA7C2D3903350029A56C /* Config.xcconfig */;
			buildSettings = {
				ALWAYS_SEARCH_USER_PATHS = NO;
				CLANG_ANALYZER_NONNULL = YES;
				CLANG_CXX_LANGUAGE_STANDARD = "gnu++0x";
				CLANG_CXX_LIBRARY = "libc++";
				CLANG_ENABLE_MODULES = YES;
				CLANG_ENABLE_OBJC_ARC = YES;
				CLANG_WARN_BLOCK_CAPTURE_AUTORELEASING = YES;
				CLANG_WARN_BOOL_CONVERSION = YES;
				CLANG_WARN_COMMA = YES;
				CLANG_WARN_CONSTANT_CONVERSION = YES;
				CLANG_WARN_DEPRECATED_OBJC_IMPLEMENTATIONS = YES;
				CLANG_WARN_DIRECT_OBJC_ISA_USAGE = YES_ERROR;
				CLANG_WARN_EMPTY_BODY = YES;
				CLANG_WARN_ENUM_CONVERSION = YES;
				CLANG_WARN_INFINITE_RECURSION = YES;
				CLANG_WARN_INT_CONVERSION = YES;
				CLANG_WARN_NON_LITERAL_NULL_CONVERSION = YES;
				CLANG_WARN_OBJC_IMPLICIT_RETAIN_SELF = YES;
				CLANG_WARN_OBJC_LITERAL_CONVERSION = YES;
				CLANG_WARN_OBJC_ROOT_CLASS = YES_ERROR;
				CLANG_WARN_RANGE_LOOP_ANALYSIS = YES;
				CLANG_WARN_STRICT_PROTOTYPES = YES;
				CLANG_WARN_SUSPICIOUS_MOVE = YES;
				CLANG_WARN_UNREACHABLE_CODE = YES;
				CLANG_WARN__DUPLICATE_METHOD_MATCH = YES;
				"CODE_SIGN_IDENTITY[sdk=iphoneos*]" = "iPhone Developer";
				COPY_PHASE_STRIP = NO;
				DEBUG_INFORMATION_FORMAT = "dwarf-with-dsym";
				ENABLE_NS_ASSERTIONS = NO;
				ENABLE_STRICT_OBJC_MSGSEND = YES;
				GCC_C_LANGUAGE_STANDARD = gnu99;
				GCC_NO_COMMON_BLOCKS = YES;
				GCC_WARN_64_TO_32_BIT_CONVERSION = YES;
				GCC_WARN_ABOUT_RETURN_TYPE = YES_ERROR;
				GCC_WARN_UNDECLARED_SELECTOR = YES;
				GCC_WARN_UNINITIALIZED_AUTOS = YES_AGGRESSIVE;
				GCC_WARN_UNUSED_FUNCTION = YES;
				GCC_WARN_UNUSED_VARIABLE = YES;
				IPHONEOS_DEPLOYMENT_TARGET = 12.0;
				MTL_ENABLE_DEBUG_INFO = NO;
				SDKROOT = iphoneos;
				SUPPORTED_PLATFORMS = iphoneos;
				SWIFT_COMPILATION_MODE = wholemodule;
				SWIFT_OPTIMIZATION_LEVEL = "-O";
				TARGETED_DEVICE_FAMILY = "1,2";
				VALIDATE_PRODUCT = YES;
			};
			name = Release;
		};
		97C147061CF9000F007C117D /* Debug */ = {
			isa = XCBuildConfiguration;
			baseConfigurationReference = CE8625962D5DB74700B3E49F /* Debug-dev.xcconfig */;
			buildSettings = {
				ASSETCATALOG_COMPILER_APPICON_NAME = AppIcon;
				CLANG_ENABLE_MODULES = YES;
				CURRENT_PROJECT_VERSION = "$(FLUTTER_BUILD_NUMBER)";
				DEVELOPMENT_TEAM = GH3Q9CA5D7;
				ENABLE_BITCODE = NO;
				INFOPLIST_FILE = Runner/Info.plist;
				LD_RUNPATH_SEARCH_PATHS = (
					"$(inherited)",
					"@executable_path/Frameworks",
				);
				NEW_SETTING = "";
				NEW_SETTING1 = "";
				PRODUCT_BUNDLE_IDENTIFIER = "com.alborada-demo.dev";
				PRODUCT_NAME = "$(TARGET_NAME)";
				SWIFT_OBJC_BRIDGING_HEADER = "Runner/Runner-Bridging-Header.h";
				SWIFT_OPTIMIZATION_LEVEL = "-Onone";
				SWIFT_VERSION = 5.0;
				VERSIONING_SYSTEM = "apple-generic";
			};
			name = Debug;
		};
		97C147071CF9000F007C117D /* Release */ = {
			isa = XCBuildConfiguration;
			baseConfigurationReference = 7AFA3C8E1D35360C0083082E /* Release.xcconfig */;
			buildSettings = {
				ASSETCATALOG_COMPILER_APPICON_NAME = AppIcon;
				CLANG_ENABLE_MODULES = YES;
				CURRENT_PROJECT_VERSION = "$(FLUTTER_BUILD_NUMBER)";
				DEVELOPMENT_TEAM = GH3Q9CA5D7;
				ENABLE_BITCODE = NO;
				INFOPLIST_FILE = Runner/Info.plist;
				LD_RUNPATH_SEARCH_PATHS = (
					"$(inherited)",
					"@executable_path/Frameworks",
				);
				NEW_SETTING = "";
				NEW_SETTING1 = "";
				PRODUCT_BUNDLE_IDENTIFIER = "com.alborada-demo.dev";
				PRODUCT_NAME = "$(TARGET_NAME)";
				SWIFT_OBJC_BRIDGING_HEADER = "Runner/Runner-Bridging-Header.h";
				SWIFT_VERSION = 5.0;
				VERSIONING_SYSTEM = "apple-generic";
			};
			name = Release;
		};
		CE8625892D5DAF7B00B3E49F /* Debug */ = {
			isa = XCBuildConfiguration;
			baseConfigurationReference = 18E7DABC5179DE5FF7890DC3 /* Pods-Runner-stg.debug.xcconfig */;
			buildSettings = {
				ASSETCATALOG_COMPILER_APPICON_NAME = AppIcon;
				CLANG_ENABLE_MODULES = YES;
				CURRENT_PROJECT_VERSION = "$(FLUTTER_BUILD_NUMBER)";
				DEVELOPMENT_TEAM = GH3Q9CA5D7;
				ENABLE_BITCODE = NO;
				INFOPLIST_FILE = "Runner copy-Info.plist";
				LD_RUNPATH_SEARCH_PATHS = (
					"$(inherited)",
					"@executable_path/Frameworks",
				);
				NEW_SETTING = "";
				NEW_SETTING1 = "";
				PRODUCT_BUNDLE_IDENTIFIER = "com.alborada-demo.stg";
				PRODUCT_NAME = "$(TARGET_NAME)";
				SWIFT_OBJC_BRIDGING_HEADER = "Runner/Runner-Bridging-Header.h";
				SWIFT_OPTIMIZATION_LEVEL = "-Onone";
				SWIFT_VERSION = 5.0;
				VERSIONING_SYSTEM = "apple-generic";
			};
			name = Debug;
		};
		CE86258A2D5DAF7B00B3E49F /* Release */ = {
			isa = XCBuildConfiguration;
			baseConfigurationReference = 7AFA3C8E1D35360C0083082E /* Release.xcconfig */;
			buildSettings = {
				ASSETCATALOG_COMPILER_APPICON_NAME = AppIcon;
				CLANG_ENABLE_MODULES = YES;
				CURRENT_PROJECT_VERSION = "$(FLUTTER_BUILD_NUMBER)";
				DEVELOPMENT_TEAM = GH3Q9CA5D7;
				ENABLE_BITCODE = NO;
				INFOPLIST_FILE = "Runner copy-Info.plist";
				LD_RUNPATH_SEARCH_PATHS = (
					"$(inherited)",
					"@executable_path/Frameworks",
				);
				NEW_SETTING = "";
				NEW_SETTING1 = "";
				PRODUCT_BUNDLE_IDENTIFIER = "com.alborada-demo.stg";
				PRODUCT_NAME = "$(TARGET_NAME)";
				SWIFT_OBJC_BRIDGING_HEADER = "Runner/Runner-Bridging-Header.h";
				SWIFT_VERSION = 5.0;
				VERSIONING_SYSTEM = "apple-generic";
			};
			name = Release;
		};
		CE86258B2D5DAF7B00B3E49F /* Profile */ = {
			isa = XCBuildConfiguration;
			baseConfigurationReference = 7AFA3C8E1D35360C0083082E /* Release.xcconfig */;
			buildSettings = {
				ASSETCATALOG_COMPILER_APPICON_NAME = AppIcon;
				CLANG_ENABLE_MODULES = YES;
				CURRENT_PROJECT_VERSION = "$(FLUTTER_BUILD_NUMBER)";
				DEVELOPMENT_TEAM = GH3Q9CA5D7;
				ENABLE_BITCODE = NO;
				INFOPLIST_FILE = "Runner copy-Info.plist";
				LD_RUNPATH_SEARCH_PATHS = (
					"$(inherited)",
					"@executable_path/Frameworks",
				);
				NEW_SETTING = "";
				NEW_SETTING1 = "";
				PRODUCT_BUNDLE_IDENTIFIER = "com.alborada-demo.stg";
				PRODUCT_NAME = "$(TARGET_NAME)";
				SWIFT_OBJC_BRIDGING_HEADER = "Runner/Runner-Bridging-Header.h";
				SWIFT_VERSION = 5.0;
				VERSIONING_SYSTEM = "apple-generic";
			};
			name = Profile;
		};
		CE86258E2D5DB19A00B3E49F /* Debug-dev */ = {
			isa = XCBuildConfiguration;
			baseConfigurationReference = CE8625962D5DB74700B3E49F /* Debug-dev.xcconfig */;
			buildSettings = {
				ALWAYS_SEARCH_USER_PATHS = NO;
				CLANG_ANALYZER_NONNULL = YES;
				CLANG_CXX_LANGUAGE_STANDARD = "gnu++0x";
				CLANG_CXX_LIBRARY = "libc++";
				CLANG_ENABLE_MODULES = YES;
				CLANG_ENABLE_OBJC_ARC = YES;
				CLANG_WARN_BLOCK_CAPTURE_AUTORELEASING = YES;
				CLANG_WARN_BOOL_CONVERSION = YES;
				CLANG_WARN_COMMA = YES;
				CLANG_WARN_CONSTANT_CONVERSION = YES;
				CLANG_WARN_DEPRECATED_OBJC_IMPLEMENTATIONS = YES;
				CLANG_WARN_DIRECT_OBJC_ISA_USAGE = YES_ERROR;
				CLANG_WARN_EMPTY_BODY = YES;
				CLANG_WARN_ENUM_CONVERSION = YES;
				CLANG_WARN_INFINITE_RECURSION = YES;
				CLANG_WARN_INT_CONVERSION = YES;
				CLANG_WARN_NON_LITERAL_NULL_CONVERSION = YES;
				CLANG_WARN_OBJC_IMPLICIT_RETAIN_SELF = YES;
				CLANG_WARN_OBJC_LITERAL_CONVERSION = YES;
				CLANG_WARN_OBJC_ROOT_CLASS = YES_ERROR;
				CLANG_WARN_RANGE_LOOP_ANALYSIS = YES;
				CLANG_WARN_STRICT_PROTOTYPES = YES;
				CLANG_WARN_SUSPICIOUS_MOVE = YES;
				CLANG_WARN_UNREACHABLE_CODE = YES;
				CLANG_WARN__DUPLICATE_METHOD_MATCH = YES;
				"CODE_SIGN_IDENTITY[sdk=iphoneos*]" = "iPhone Developer";
				COPY_PHASE_STRIP = NO;
				DEBUG_INFORMATION_FORMAT = dwarf;
				ENABLE_STRICT_OBJC_MSGSEND = YES;
				ENABLE_TESTABILITY = YES;
				FRAMEWORK_SEARCH_PATHS = (
					"$(inherited)",
					"$(PROJECT_DIR)/Flutter",
					"\"${PODS_CONFIGURATION_BUILD_DIR}/Google-Maps-iOS-Utils\"",
					"\"${PODS_CONFIGURATION_BUILD_DIR}/app_links\"",
					"\"${PODS_CONFIGURATION_BUILD_DIR}/google_maps_flutter_ios\"",
					"\"${PODS_CONFIGURATION_BUILD_DIR}/image_picker_ios\"",
					"\"${PODS_CONFIGURATION_BUILD_DIR}/path_provider_foundation\"",
					"\"${PODS_CONFIGURATION_BUILD_DIR}/shared_preferences_foundation\"",
					"\"${PODS_CONFIGURATION_BUILD_DIR}/url_launcher_ios\"",
					"\"${PODS_ROOT}/GoogleMaps/Base/Frameworks\"",
					"\"${PODS_ROOT}/GoogleMaps/Maps/Frameworks\"",
					"\"${PODS_XCFRAMEWORKS_BUILD_DIR}/GoogleMaps/Base\"",
					"\"${PODS_XCFRAMEWORKS_BUILD_DIR}/GoogleMaps/Maps\"",
				);
				GCC_C_LANGUAGE_STANDARD = gnu99;
				GCC_DYNAMIC_NO_PIC = NO;
				GCC_NO_COMMON_BLOCKS = YES;
				GCC_OPTIMIZATION_LEVEL = 0;
				GCC_PREPROCESSOR_DEFINITIONS = (
					"DEBUG=1",
					"$(inherited)",
				);
				GCC_WARN_64_TO_32_BIT_CONVERSION = YES;
				GCC_WARN_ABOUT_RETURN_TYPE = YES_ERROR;
				GCC_WARN_UNDECLARED_SELECTOR = YES;
				GCC_WARN_UNINITIALIZED_AUTOS = YES_AGGRESSIVE;
				GCC_WARN_UNUSED_FUNCTION = YES;
				GCC_WARN_UNUSED_VARIABLE = YES;
				IPHONEOS_DEPLOYMENT_TARGET = 12.0;
				MTL_ENABLE_DEBUG_INFO = YES;
				ONLY_ACTIVE_ARCH = YES;
				SDKROOT = iphoneos;
				TARGETED_DEVICE_FAMILY = "1,2";
			};
			name = "Debug-dev";
		};
		CE86258F2D5DB19A00B3E49F /* Debug-dev */ = {
			isa = XCBuildConfiguration;
			baseConfigurationReference = CE8625962D5DB74700B3E49F /* Debug-dev.xcconfig */;
			buildSettings = {
				ASSETCATALOG_COMPILER_APPICON_NAME = AppIcon;
				CLANG_ENABLE_MODULES = YES;
				CURRENT_PROJECT_VERSION = "$(FLUTTER_BUILD_NUMBER)";
				DEVELOPMENT_TEAM = GH3Q9CA5D7;
				ENABLE_BITCODE = NO;
				INFOPLIST_FILE = Runner/Info.plist;
				LD_RUNPATH_SEARCH_PATHS = (
					"$(inherited)",
					"@executable_path/Frameworks",
				);
				NEW_SETTING = "";
				NEW_SETTING1 = "";
				PRODUCT_BUNDLE_IDENTIFIER = "com.alborada-demo.dev";
				PRODUCT_NAME = "$(TARGET_NAME)";
				SWIFT_OBJC_BRIDGING_HEADER = "Runner/Runner-Bridging-Header.h";
				SWIFT_OPTIMIZATION_LEVEL = "-Onone";
				SWIFT_VERSION = 5.0;
				VERSIONING_SYSTEM = "apple-generic";
			};
			name = "Debug-dev";
		};
		CE8625902D5DB19A00B3E49F /* Debug-dev */ = {
			isa = XCBuildConfiguration;
			baseConfigurationReference = 6DEBC481C54D1867BA100256 /* Pods-RunnerTests.debug-dev.xcconfig */;
			buildSettings = {
				BUNDLE_LOADER = "$(TEST_HOST)";
				CODE_SIGN_STYLE = Automatic;
				CURRENT_PROJECT_VERSION = 1;
				GENERATE_INFOPLIST_FILE = YES;
				MARKETING_VERSION = 1.0;
				PRODUCT_BUNDLE_IDENTIFIER = com.example.alboradaDemo.RunnerTests;
				PRODUCT_NAME = "$(TARGET_NAME)";
				SWIFT_ACTIVE_COMPILATION_CONDITIONS = DEBUG;
				SWIFT_OPTIMIZATION_LEVEL = "-Onone";
				SWIFT_VERSION = 5.0;
				TEST_HOST = "$(BUILT_PRODUCTS_DIR)/Runner.app/$(BUNDLE_EXECUTABLE_FOLDER_PATH)/Runner";
			};
			name = "Debug-dev";
		};
		CE8625912D5DB19A00B3E49F /* Debug-dev */ = {
			isa = XCBuildConfiguration;
			baseConfigurationReference = 75F765D417C26DA5C186F34C /* Pods-Runner-stg.debug-dev.xcconfig */;
			buildSettings = {
				ASSETCATALOG_COMPILER_APPICON_NAME = AppIcon;
				CLANG_ENABLE_MODULES = YES;
				CURRENT_PROJECT_VERSION = "$(FLUTTER_BUILD_NUMBER)";
				DEVELOPMENT_TEAM = GH3Q9CA5D7;
				ENABLE_BITCODE = NO;
				INFOPLIST_FILE = "Runner copy-Info.plist";
				LD_RUNPATH_SEARCH_PATHS = (
					"$(inherited)",
					"@executable_path/Frameworks",
				);
				NEW_SETTING = "";
				NEW_SETTING1 = "";
				PRODUCT_BUNDLE_IDENTIFIER = "com.alborada-demo.stg";
				PRODUCT_NAME = "$(TARGET_NAME)";
				SWIFT_OBJC_BRIDGING_HEADER = "Runner/Runner-Bridging-Header.h";
				SWIFT_OPTIMIZATION_LEVEL = "-Onone";
				SWIFT_VERSION = 5.0;
				VERSIONING_SYSTEM = "apple-generic";
			};
			name = "Debug-dev";
		};
		CE8625922D5DB1B200B3E49F /* Debug-stg */ = {
			isa = XCBuildConfiguration;
			baseConfigurationReference = CE8625982D5DDCE400B3E49F /* Debug-stg.xcconfig */;
			buildSettings = {
				ALWAYS_SEARCH_USER_PATHS = NO;
				CLANG_ANALYZER_NONNULL = YES;
				CLANG_CXX_LANGUAGE_STANDARD = "gnu++0x";
				CLANG_CXX_LIBRARY = "libc++";
				CLANG_ENABLE_MODULES = YES;
				CLANG_ENABLE_OBJC_ARC = YES;
				CLANG_WARN_BLOCK_CAPTURE_AUTORELEASING = YES;
				CLANG_WARN_BOOL_CONVERSION = YES;
				CLANG_WARN_COMMA = YES;
				CLANG_WARN_CONSTANT_CONVERSION = YES;
				CLANG_WARN_DEPRECATED_OBJC_IMPLEMENTATIONS = YES;
				CLANG_WARN_DIRECT_OBJC_ISA_USAGE = YES_ERROR;
				CLANG_WARN_EMPTY_BODY = YES;
				CLANG_WARN_ENUM_CONVERSION = YES;
				CLANG_WARN_INFINITE_RECURSION = YES;
				CLANG_WARN_INT_CONVERSION = YES;
				CLANG_WARN_NON_LITERAL_NULL_CONVERSION = YES;
				CLANG_WARN_OBJC_IMPLICIT_RETAIN_SELF = YES;
				CLANG_WARN_OBJC_LITERAL_CONVERSION = YES;
				CLANG_WARN_OBJC_ROOT_CLASS = YES_ERROR;
				CLANG_WARN_RANGE_LOOP_ANALYSIS = YES;
				CLANG_WARN_STRICT_PROTOTYPES = YES;
				CLANG_WARN_SUSPICIOUS_MOVE = YES;
				CLANG_WARN_UNREACHABLE_CODE = YES;
				CLANG_WARN__DUPLICATE_METHOD_MATCH = YES;
				"CODE_SIGN_IDENTITY[sdk=iphoneos*]" = "iPhone Developer";
				COPY_PHASE_STRIP = NO;
				DEBUG_INFORMATION_FORMAT = dwarf;
				ENABLE_STRICT_OBJC_MSGSEND = YES;
				ENABLE_TESTABILITY = YES;
				FRAMEWORK_SEARCH_PATHS = (
					"$(inherited)",
					"$(PROJECT_DIR)/Flutter",
					"\"${PODS_CONFIGURATION_BUILD_DIR}/Google-Maps-iOS-Utils\"",
					"\"${PODS_CONFIGURATION_BUILD_DIR}/app_links\"",
					"\"${PODS_CONFIGURATION_BUILD_DIR}/google_maps_flutter_ios\"",
					"\"${PODS_CONFIGURATION_BUILD_DIR}/image_picker_ios\"",
					"\"${PODS_CONFIGURATION_BUILD_DIR}/path_provider_foundation\"",
					"\"${PODS_CONFIGURATION_BUILD_DIR}/shared_preferences_foundation\"",
					"\"${PODS_CONFIGURATION_BUILD_DIR}/url_launcher_ios\"",
					"\"${PODS_ROOT}/GoogleMaps/Base/Frameworks\"",
					"\"${PODS_ROOT}/GoogleMaps/Maps/Frameworks\"",
					"\"${PODS_XCFRAMEWORKS_BUILD_DIR}/GoogleMaps/Base\"",
					"\"${PODS_XCFRAMEWORKS_BUILD_DIR}/GoogleMaps/Maps\"",
				);
				GCC_C_LANGUAGE_STANDARD = gnu99;
				GCC_DYNAMIC_NO_PIC = NO;
				GCC_NO_COMMON_BLOCKS = YES;
				GCC_OPTIMIZATION_LEVEL = 0;
				GCC_PREPROCESSOR_DEFINITIONS = (
					"DEBUG=1",
					"$(inherited)",
				);
				GCC_WARN_64_TO_32_BIT_CONVERSION = YES;
				GCC_WARN_ABOUT_RETURN_TYPE = YES_ERROR;
				GCC_WARN_UNDECLARED_SELECTOR = YES;
				GCC_WARN_UNINITIALIZED_AUTOS = YES_AGGRESSIVE;
				GCC_WARN_UNUSED_FUNCTION = YES;
				GCC_WARN_UNUSED_VARIABLE = YES;
				IPHONEOS_DEPLOYMENT_TARGET = 12.0;
				MTL_ENABLE_DEBUG_INFO = YES;
				ONLY_ACTIVE_ARCH = YES;
				SDKROOT = iphoneos;
				TARGETED_DEVICE_FAMILY = "1,2";
			};
			name = "Debug-stg";
		};
		CE8625932D5DB1B200B3E49F /* Debug-stg */ = {
			isa = XCBuildConfiguration;
			baseConfigurationReference = CE8625962D5DB74700B3E49F /* Debug-dev.xcconfig */;
			buildSettings = {
				ASSETCATALOG_COMPILER_APPICON_NAME = AppIcon;
				CLANG_ENABLE_MODULES = YES;
				CURRENT_PROJECT_VERSION = "$(FLUTTER_BUILD_NUMBER)";
				DEVELOPMENT_TEAM = GH3Q9CA5D7;
				ENABLE_BITCODE = NO;
				INFOPLIST_FILE = Runner/Info.plist;
				LD_RUNPATH_SEARCH_PATHS = (
					"$(inherited)",
					"@executable_path/Frameworks",
				);
				NEW_SETTING = "";
				NEW_SETTING1 = "";
				PRODUCT_BUNDLE_IDENTIFIER = "com.alborada-demo.dev";
				PRODUCT_NAME = "$(TARGET_NAME)";
				SWIFT_OBJC_BRIDGING_HEADER = "Runner/Runner-Bridging-Header.h";
				SWIFT_OPTIMIZATION_LEVEL = "-Onone";
				SWIFT_VERSION = 5.0;
				VERSIONING_SYSTEM = "apple-generic";
			};
			name = "Debug-stg";
		};
		CE8625942D5DB1B200B3E49F /* Debug-stg */ = {
			isa = XCBuildConfiguration;
			baseConfigurationReference = 76F845F69F37A771B76D8628 /* Pods-RunnerTests.debug-stg.xcconfig */;
			buildSettings = {
				BUNDLE_LOADER = "$(TEST_HOST)";
				CODE_SIGN_STYLE = Automatic;
				CURRENT_PROJECT_VERSION = 1;
				GENERATE_INFOPLIST_FILE = YES;
				MARKETING_VERSION = 1.0;
				PRODUCT_BUNDLE_IDENTIFIER = com.example.alboradaDemo.RunnerTests;
				PRODUCT_NAME = "$(TARGET_NAME)";
				SWIFT_ACTIVE_COMPILATION_CONDITIONS = DEBUG;
				SWIFT_OPTIMIZATION_LEVEL = "-Onone";
				SWIFT_VERSION = 5.0;
				TEST_HOST = "$(BUILT_PRODUCTS_DIR)/Runner.app/$(BUNDLE_EXECUTABLE_FOLDER_PATH)/Runner";
			};
			name = "Debug-stg";
		};
		CE8625952D5DB1B200B3E49F /* Debug-stg */ = {
			isa = XCBuildConfiguration;
			baseConfigurationReference = 4695068B2A5027A17287A843 /* Pods-Runner-stg.debug-stg.xcconfig */;
			buildSettings = {
				ASSETCATALOG_COMPILER_APPICON_NAME = AppIcon;
				CLANG_ENABLE_MODULES = YES;
				CURRENT_PROJECT_VERSION = "$(FLUTTER_BUILD_NUMBER)";
				DEVELOPMENT_TEAM = GH3Q9CA5D7;
				ENABLE_BITCODE = NO;
				INFOPLIST_FILE = "Runner copy-Info.plist";
				LD_RUNPATH_SEARCH_PATHS = (
					"$(inherited)",
					"@executable_path/Frameworks",
				);
				NEW_SETTING = "";
				NEW_SETTING1 = "";
				PRODUCT_BUNDLE_IDENTIFIER = "com.alborada-demo.stg";
				PRODUCT_NAME = "$(TARGET_NAME)";
				SWIFT_OBJC_BRIDGING_HEADER = "Runner/Runner-Bridging-Header.h";
				SWIFT_OPTIMIZATION_LEVEL = "-Onone";
				SWIFT_VERSION = 5.0;
				VERSIONING_SYSTEM = "apple-generic";
			};
			name = "Debug-stg";
		};
/* End XCBuildConfiguration section */

/* Begin XCConfigurationList section */
		331C8087294A63A400263BE5 /* Build configuration list for PBXNativeTarget "RunnerTests" */ = {
			isa = XCConfigurationList;
			buildConfigurations = (
				331C8088294A63A400263BE5 /* Debug */,
				CE8625942D5DB1B200B3E49F /* Debug-stg */,
				CE8625902D5DB19A00B3E49F /* Debug-dev */,
				331C8089294A63A400263BE5 /* Release */,
				331C808A294A63A400263BE5 /* Profile */,
			);
			defaultConfigurationIsVisible = 0;
			defaultConfigurationName = Debug;
		};
		97C146E91CF9000F007C117D /* Build configuration list for PBXProject "Runner" */ = {
			isa = XCConfigurationList;
			buildConfigurations = (
				97C147031CF9000F007C117D /* Debug */,
				CE8625922D5DB1B200B3E49F /* Debug-stg */,
				CE86258E2D5DB19A00B3E49F /* Debug-dev */,
				97C147041CF9000F007C117D /* Release */,
				249021D3217E4FDB00AE95B9 /* Profile */,
			);
			defaultConfigurationIsVisible = 0;
			defaultConfigurationName = Debug;
		};
		97C147051CF9000F007C117D /* Build configuration list for PBXNativeTarget "Runner-dev" */ = {
			isa = XCConfigurationList;
			buildConfigurations = (
				97C147061CF9000F007C117D /* Debug */,
				CE8625932D5DB1B200B3E49F /* Debug-stg */,
				CE86258F2D5DB19A00B3E49F /* Debug-dev */,
				97C147071CF9000F007C117D /* Release */,
				249021D4217E4FDB00AE95B9 /* Profile */,
			);
			defaultConfigurationIsVisible = 0;
			defaultConfigurationName = Debug;
		};
		CE8625882D5DAF7B00B3E49F /* Build configuration list for PBXNativeTarget "Runner-stg" */ = {
			isa = XCConfigurationList;
			buildConfigurations = (
				CE8625892D5DAF7B00B3E49F /* Debug */,
				CE8625952D5DB1B200B3E49F /* Debug-stg */,
				CE8625912D5DB19A00B3E49F /* Debug-dev */,
				CE86258A2D5DAF7B00B3E49F /* Release */,
				CE86258B2D5DAF7B00B3E49F /* Profile */,
			);
			defaultConfigurationIsVisible = 0;
			defaultConfigurationName = Debug;
		};
/* End XCConfigurationList section */
	};
	rootObject = 97C146E61CF9000F007C117D /* Project object */;
}
